
Microsoft Visual Studio Solution File, Format Version 12.00
# Visual Studio Version 16
VisualStudioVersion = 16.0.29905.134
MinimumVisualStudioVersion = 10.0.40219.1
Project("{FAE04EC0-301F-11D3-BF4B-00C04F79EFBC}") = "cw4", "cw4\cw4.csproj", "{914C2AA3-2962-4666-8207-8664A298CFA7}"
EndProject
Global
	GlobalSection(SolutionConfigurationPlatforms) = preSolution
		Debug|Any CPU = Debug|Any CPU
		Release|Any CPU = Release|Any CPU
	EndGlobalSection
	GlobalSection(ProjectConfigurationPlatforms) = postSolution
		{914C2AA3-2962-4666-8207-8664A298CFA7}.Debug|Any CPU.ActiveCfg = Debug|Any CPU
		{914C2AA3-2962-4666-8207-8664A298CFA7}.Debug|Any CPU.Build.0 = Debug|Any CPU
		{914C2AA3-2962-4666-8207-8664A298CFA7}.Release|Any CPU.ActiveCfg = Release|Any CPU
		{914C2AA3-2962-4666-8207-8664A298CFA7}.Release|Any CPU.Build.0 = Release|Any CPU
	EndGlobalSection
	GlobalSection(SolutionProperties) = preSolution
		HideSolutionNode = FALSE
	EndGlobalSection
	GlobalSection(ExtensibilityGlobals) = postSolution
		SolutionGuid = {5891DF1A-A8C1-448A-9E13-0C0F17979D9B}
	EndGlobalSection
EndGlobal
