
Microsoft Visual Studio Solution File, Format Version 12.00
# Visual Studio Version 16
VisualStudioVersion = 16.0.29905.134
MinimumVisualStudioVersion = 10.0.40219.1
Project("{FAE04EC0-301F-11D3-BF4B-00C04F79EFBC}") = "MvcMovie", "MvcMovie\MvcMovie.csproj", "{38012C45-4D12-4647-80AA-3AC7008ADA8C}"
EndProject
Global
	GlobalSection(SolutionConfigurationPlatforms) = preSolution
		Debug|Any CPU = Debug|Any CPU
		Release|Any CPU = Release|Any CPU
	EndGlobalSection
	GlobalSection(ProjectConfigurationPlatforms) = postSolution
		{38012C45-4D12-4647-80AA-3AC7008ADA8C}.Debug|Any CPU.ActiveCfg = Debug|Any CPU
		{38012C45-4D12-4647-80AA-3AC7008ADA8C}.Debug|Any CPU.Build.0 = Debug|Any CPU
		{38012C45-4D12-4647-80AA-3AC7008ADA8C}.Release|Any CPU.ActiveCfg = Release|Any CPU
		{38012C45-4D12-4647-80AA-3AC7008ADA8C}.Release|Any CPU.Build.0 = Release|Any CPU
	EndGlobalSection
	GlobalSection(SolutionProperties) = preSolution
		HideSolutionNode = FALSE
	EndGlobalSection
	GlobalSection(ExtensibilityGlobals) = postSolution
		SolutionGuid = {5A3D0407-AA1B-442D-B936-06E992868D75}
	EndGlobalSection
EndGlobal
