
Microsoft Visual Studio Solution File, Format Version 12.00
# Visual Studio Version 16
VisualStudioVersion = 16.0.29905.134
MinimumVisualStudioVersion = 10.0.40219.1
Project("{FAE04EC0-301F-11D3-BF4B-00C04F79EFBC}") = "CW3", "CW3\CW3.csproj", "{91D5A0D3-986E-46CE-A505-224C198F4282}"
EndProject
Global
	GlobalSection(SolutionConfigurationPlatforms) = preSolution
		Debug|Any CPU = Debug|Any CPU
		Release|Any CPU = Release|Any CPU
	EndGlobalSection
	GlobalSection(ProjectConfigurationPlatforms) = postSolution
		{91D5A0D3-986E-46CE-A505-224C198F4282}.Debug|Any CPU.ActiveCfg = Debug|Any CPU
		{91D5A0D3-986E-46CE-A505-224C198F4282}.Debug|Any CPU.Build.0 = Debug|Any CPU
		{91D5A0D3-986E-46CE-A505-224C198F4282}.Release|Any CPU.ActiveCfg = Release|Any CPU
		{91D5A0D3-986E-46CE-A505-224C198F4282}.Release|Any CPU.Build.0 = Release|Any CPU
	EndGlobalSection
	GlobalSection(SolutionProperties) = preSolution
		HideSolutionNode = FALSE
	EndGlobalSection
	GlobalSection(ExtensibilityGlobals) = postSolution
		SolutionGuid = {BBA11014-804D-43B0-8145-048618B008C0}
	EndGlobalSection
EndGlobal
