
Microsoft Visual Studio Solution File, Format Version 12.00
# Visual Studio Version 16
VisualStudioVersion = 16.0.29905.134
MinimumVisualStudioVersion = 10.0.40219.1
Project("{FAE04EC0-301F-11D3-BF4B-00C04F79EFBC}") = "CW2", "CW2\CW2.csproj", "{A5197F66-064D-404C-BE2A-64FB59ABE80F}"
EndProject
Global
	GlobalSection(SolutionConfigurationPlatforms) = preSolution
		Debug|Any CPU = Debug|Any CPU
		Release|Any CPU = Release|Any CPU
	EndGlobalSection
	GlobalSection(ProjectConfigurationPlatforms) = postSolution
		{A5197F66-064D-404C-BE2A-64FB59ABE80F}.Debug|Any CPU.ActiveCfg = Debug|Any CPU
		{A5197F66-064D-404C-BE2A-64FB59ABE80F}.Debug|Any CPU.Build.0 = Debug|Any CPU
		{A5197F66-064D-404C-BE2A-64FB59ABE80F}.Release|Any CPU.ActiveCfg = Release|Any CPU
		{A5197F66-064D-404C-BE2A-64FB59ABE80F}.Release|Any CPU.Build.0 = Release|Any CPU
	EndGlobalSection
	GlobalSection(SolutionProperties) = preSolution
		HideSolutionNode = FALSE
	EndGlobalSection
	GlobalSection(ExtensibilityGlobals) = postSolution
		SolutionGuid = {25B2D390-44B7-4A84-BC6C-954BF930E66F}
	EndGlobalSection
EndGlobal
